PODS:
  - SDWebImage (5.3.1):
    - SDWebImage/Core (= 5.3.1)
  - SDWebImage/Core (5.3.1)
  - SDWebImageLinkPlugin (0.1.0):
    - SDWebImage (~> 5.0)

DEPENDENCIES:
  - SDWebImageLinkPlugin (from `../`)

SPEC REPOS:
  trunk:
    - SDWebImage

EXTERNAL SOURCES:
  SDWebImageLinkPlugin:
    :path: "../"

SPEC CHECKSUMS:
  SDWebImage: 7137d57385fb632129838c1e6ab9528a22c666cc
  SDWebImageLinkPlugin: ea390a828e8c0da400a4d113fbef334fab2b26d1

PODFILE CHECKSUM: 74a62a3e72a34ed61a73510a4231db8d0408fcbe

COCOAPODS: 1.8.4
